
Microsoft Visual Studio Solution File, Format Version 12.00
# Visual Studio Version 16
VisualStudioVersion = 25.0.1706.9
MinimumVisualStudioVersion = 10.0.40219.1
Project("{FAE04EC0-301F-11D3-BF4B-00C04F79EFBC}") = "TimeTrackingClientMVC", "TimeTrackingClientMVC\TimeTrackingClientMVC.csproj", "{08B79851-7704-4583-9382-F93600736A5F}"
EndProject
Project("{FAE04EC0-301F-11D3-BF4B-00C04F79EFBC}") = "TimeTrackingServerAPI", "TimeTrackingServerAPI\TimeTrackingServerAPI.csproj", "{8A097EDA-17CB-4D83-BF5F-A5E5BACE606C}"
EndProject
Global
	GlobalSection(SolutionConfigurationPlatforms) = preSolution
		Debug|Any CPU = Debug|Any CPU
		Release|Any CPU = Release|Any CPU
	EndGlobalSection
	GlobalSection(ProjectConfigurationPlatforms) = postSolution
		{08B79851-7704-4583-9382-F93600736A5F}.Debug|Any CPU.ActiveCfg = Debug|Any CPU
		{08B79851-7704-4583-9382-F93600736A5F}.Debug|Any CPU.Build.0 = Debug|Any CPU
		{08B79851-7704-4583-9382-F93600736A5F}.Release|Any CPU.ActiveCfg = Release|Any CPU
		{08B79851-7704-4583-9382-F93600736A5F}.Release|Any CPU.Build.0 = Release|Any CPU
		{8A097EDA-17CB-4D83-BF5F-A5E5BACE606C}.Debug|Any CPU.ActiveCfg = Debug|Any CPU
		{8A097EDA-17CB-4D83-BF5F-A5E5BACE606C}.Debug|Any CPU.Build.0 = Debug|Any CPU
		{8A097EDA-17CB-4D83-BF5F-A5E5BACE606C}.Release|Any CPU.ActiveCfg = Release|Any CPU
		{8A097EDA-17CB-4D83-BF5F-A5E5BACE606C}.Release|Any CPU.Build.0 = Release|Any CPU
	EndGlobalSection
	GlobalSection(SolutionProperties) = preSolution
		HideSolutionNode = FALSE
	EndGlobalSection
	GlobalSection(ExtensibilityGlobals) = postSolution
		SolutionGuid = {9EEC37E0-378A-4E49-8B7B-5D3168956B2B}
	EndGlobalSection
EndGlobal
